
Microsoft Visual Studio Solution File, Format Version 12.00
# Visual Studio Version 16
VisualStudioVersion = 16.0.31727.386
MinimumVisualStudioVersion = 10.0.40219.1
Project("{9A19103F-16F7-4668-BE54-9A1E7A4F7556}") = "Example", "Example\Example.csproj", "{0FC7A525-90DB-443A-83DA-42E6208CE099}"
EndProject
Project("{FAE04EC0-301F-11D3-BF4B-00C04F79EFBC}") = "SoundOfText.Net", "SoundOfText.Net\SoundOfText.Net.csproj", "{82D21BB0-547B-4FC4-9552-DC905975B8A8}"
EndProject
Project("{2150E333-8FDC-42A3-9474-1A3956D46DE8}") = "Solution Items", "Solution Items", "{E32C7044-8765-47A5-A9A5-9E98BB0426EB}"
	ProjectSection(SolutionItems) = preProject
		buildNugetPackages.ps1 = buildNugetPackages.ps1
		SoundOfText.Net.nuspec = SoundOfText.Net.nuspec
	EndProjectSection
EndProject
Global
	GlobalSection(SolutionConfigurationPlatforms) = preSolution
		Debug|Any CPU = Debug|Any CPU
		Release|Any CPU = Release|Any CPU
	EndGlobalSection
	GlobalSection(ProjectConfigurationPlatforms) = postSolution
		{0FC7A525-90DB-443A-83DA-42E6208CE099}.Debug|Any CPU.ActiveCfg = Debug|Any CPU
		{0FC7A525-90DB-443A-83DA-42E6208CE099}.Debug|Any CPU.Build.0 = Debug|Any CPU
		{0FC7A525-90DB-443A-83DA-42E6208CE099}.Release|Any CPU.ActiveCfg = Release|Any CPU
		{0FC7A525-90DB-443A-83DA-42E6208CE099}.Release|Any CPU.Build.0 = Release|Any CPU
		{82D21BB0-547B-4FC4-9552-DC905975B8A8}.Debug|Any CPU.ActiveCfg = Debug|Any CPU
		{82D21BB0-547B-4FC4-9552-DC905975B8A8}.Debug|Any CPU.Build.0 = Debug|Any CPU
		{82D21BB0-547B-4FC4-9552-DC905975B8A8}.Release|Any CPU.ActiveCfg = Release|Any CPU
		{82D21BB0-547B-4FC4-9552-DC905975B8A8}.Release|Any CPU.Build.0 = Release|Any CPU
	EndGlobalSection
	GlobalSection(SolutionProperties) = preSolution
		HideSolutionNode = FALSE
	EndGlobalSection
	GlobalSection(ExtensibilityGlobals) = postSolution
		SolutionGuid = {DFEA8B2C-477C-4229-94E4-A10A2DEC9C75}
	EndGlobalSection
EndGlobal
